// !$*UTF8*$!
{
	archiveVersion = 1;
	classes = {
	};
	objectVersion = 50;
	objects = {

/* Begin PBXBuildFile section */
		20DCF99A751F7E3995808178 /* Pods_HooqAppUITests.framework in Frameworks */ = {isa = PBXBuildFile; fileRef = D1492CE9100BDD41E195D0C5 /* Pods_HooqAppUITests.framework */; };
		6E16E5671762E7A18CECB73F /* Pods_HooqAppTests.framework in Frameworks */ = {isa = PBXBuildFile; fileRef = 46B83A41A02532CC7F834D1B /* Pods_HooqAppTests.framework */; };
		71A91914236333AA00D0651D /* MovieListViewController.swift in Sources */ = {isa = PBXBuildFile; fileRef = 71A91913236333AA00D0651D /* MovieListViewController.swift */; };
		71A919172363341A00D0651D /* BaseViewController.swift in Sources */ = {isa = PBXBuildFile; fileRef = 71A919162363341A00D0651D /* BaseViewController.swift */; };
		71A919192363345600D0651D /* MovieListPresenter.swift in Sources */ = {isa = PBXBuildFile; fileRef = 71A919182363345600D0651D /* MovieListPresenter.swift */; };
		71A9191B2363347000D0651D /* MovieListRouter.swift in Sources */ = {isa = PBXBuildFile; fileRef = 71A9191A2363347000D0651D /* MovieListRouter.swift */; };
		71A9191D2363348100D0651D /* MovieListConfigurator.swift in Sources */ = {isa = PBXBuildFile; fileRef = 71A9191C2363348100D0651D /* MovieListConfigurator.swift */; };
		71A919202363350200D0651D /* BaseService.swift in Sources */ = {isa = PBXBuildFile; fileRef = 71A9191F2363350200D0651D /* BaseService.swift */; };
		71A919232363355800D0651D /* Logger.swift in Sources */ = {isa = PBXBuildFile; fileRef = 71A919222363355800D0651D /* Logger.swift */; };
		71A91926236336AD00D0651D /* FetchMovieListUseCase.swift in Sources */ = {isa = PBXBuildFile; fileRef = 71A91925236336AD00D0651D /* FetchMovieListUseCase.swift */; };
		71A9192923633A1C00D0651D /* FetchMovieListRepository.swift in Sources */ = {isa = PBXBuildFile; fileRef = 71A9192823633A1C00D0651D /* FetchMovieListRepository.swift */; };
		71A9192B23633A3100D0651D /* FetchMovieListService.swift in Sources */ = {isa = PBXBuildFile; fileRef = 71A9192A23633A3100D0651D /* FetchMovieListService.swift */; };
		71A9192E23633AA700D0651D /* MoviesInfo.swift in Sources */ = {isa = PBXBuildFile; fileRef = 71A9192D23633AA700D0651D /* MoviesInfo.swift */; };
		71A9193223633F7800D0651D /* MoviesInfoResponse.swift in Sources */ = {isa = PBXBuildFile; fileRef = 71A9193023633F7800D0651D /* MoviesInfoResponse.swift */; };
		71A9193323633F7800D0651D /* MovieResponse.swift in Sources */ = {isa = PBXBuildFile; fileRef = 71A9193123633F7800D0651D /* MovieResponse.swift */; };
		71A91936236343D500D0651D /* MovieListApiToUIMapper.swift in Sources */ = {isa = PBXBuildFile; fileRef = 71A91935236343D500D0651D /* MovieListApiToUIMapper.swift */; };
		71A919392363492300D0651D /* ApiUrlConstants.swift in Sources */ = {isa = PBXBuildFile; fileRef = 71A919382363492300D0651D /* ApiUrlConstants.swift */; };
		71A9193B236357FF00D0651D /* DateUtility.swift in Sources */ = {isa = PBXBuildFile; fileRef = 71A9193A236357FF00D0651D /* DateUtility.swift */; };
		71A9193F236376A100D0651D /* MoviePosterCollectionViewCell.swift in Sources */ = {isa = PBXBuildFile; fileRef = 71A9193D236376A100D0651D /* MoviePosterCollectionViewCell.swift */; };
		71A91940236376A100D0651D /* MoviePosterCollectionViewCell.xib in Resources */ = {isa = PBXBuildFile; fileRef = 71A9193E236376A100D0651D /* MoviePosterCollectionViewCell.xib */; };
		71A9194323638B7400D0651D /* ImageDownloadManager.swift in Sources */ = {isa = PBXBuildFile; fileRef = 71A9194223638B7400D0651D /* ImageDownloadManager.swift */; };
		71A919462363EA8600D0651D /* UIView+Extension.swift in Sources */ = {isa = PBXBuildFile; fileRef = 71A919452363EA8600D0651D /* UIView+Extension.swift */; };
		71A919482363EAC600D0651D /* UIColor+Extension.swift in Sources */ = {isa = PBXBuildFile; fileRef = 71A919472363EAC600D0651D /* UIColor+Extension.swift */; };
		A8DCEDC30D4629CA54FE1446 /* Pods_HooqApp.framework in Frameworks */ = {isa = PBXBuildFile; fileRef = 4566E393A5EB8B0271076A49 /* Pods_HooqApp.framework */; };
		F12F3EA023632A6400183C46 /* AppDelegate.swift in Sources */ = {isa = PBXBuildFile; fileRef = F12F3E9F23632A6400183C46 /* AppDelegate.swift */; };
		F12F3EA523632A6400183C46 /* Main.storyboard in Resources */ = {isa = PBXBuildFile; fileRef = F12F3EA323632A6400183C46 /* Main.storyboard */; };
		F12F3EA723632A6500183C46 /* Assets.xcassets in Resources */ = {isa = PBXBuildFile; fileRef = F12F3EA623632A6500183C46 /* Assets.xcassets */; };
		F12F3EAA23632A6500183C46 /* LaunchScreen.storyboard in Resources */ = {isa = PBXBuildFile; fileRef = F12F3EA823632A6500183C46 /* LaunchScreen.storyboard */; };
		F12F3EB523632A6500183C46 /* HooqAppTests.swift in Sources */ = {isa = PBXBuildFile; fileRef = F12F3EB423632A6500183C46 /* HooqAppTests.swift */; };
		F12F3EC023632A6500183C46 /* HooqAppUITests.swift in Sources */ = {isa = PBXBuildFile; fileRef = F12F3EBF23632A6500183C46 /* HooqAppUITests.swift */; };
/* End PBXBuildFile section */

/* Begin PBXContainerItemProxy section */
		F12F3EB123632A6500183C46 /* PBXContainerItemProxy */ = {
			isa = PBXContainerItemProxy;
			containerPortal = F12F3E9423632A6400183C46 /* Project object */;
			proxyType = 1;
			remoteGlobalIDString = F12F3E9B23632A6400183C46;
			remoteInfo = HooqApp;
		};
		F12F3EBC23632A6500183C46 /* PBXContainerItemProxy */ = {
			isa = PBXContainerItemProxy;
			containerPortal = F12F3E9423632A6400183C46 /* Project object */;
			proxyType = 1;
			remoteGlobalIDString = F12F3E9B23632A6400183C46;
			remoteInfo = HooqApp;
		};
/* End PBXContainerItemProxy section */

/* Begin PBXFileReference section */
		025F224E90B0AF5B2798DB25 /* Pods-HooqAppUITests.release.xcconfig */ = {isa = PBXFileReference; includeInIndex = 1; lastKnownFileType = text.xcconfig; name = "Pods-HooqAppUITests.release.xcconfig"; path = "Pods/Target Support Files/Pods-HooqAppUITests/Pods-HooqAppUITests.release.xcconfig"; sourceTree = "<group>"; };
		2B2C03388F249C06E637EF6F /* Pods-HooqApp.release.xcconfig */ = {isa = PBXFileReference; includeInIndex = 1; lastKnownFileType = text.xcconfig; name = "Pods-HooqApp.release.xcconfig"; path = "Pods/Target Support Files/Pods-HooqApp/Pods-HooqApp.release.xcconfig"; sourceTree = "<group>"; };
		4566E393A5EB8B0271076A49 /* Pods_HooqApp.framework */ = {isa = PBXFileReference; explicitFileType = wrapper.framework; includeInIndex = 0; path = Pods_HooqApp.framework; sourceTree = BUILT_PRODUCTS_DIR; };
		46B83A41A02532CC7F834D1B /* Pods_HooqAppTests.framework */ = {isa = PBXFileReference; explicitFileType = wrapper.framework; includeInIndex = 0; path = Pods_HooqAppTests.framework; sourceTree = BUILT_PRODUCTS_DIR; };
		71A91913236333AA00D0651D /* MovieListViewController.swift */ = {isa = PBXFileReference; lastKnownFileType = sourcecode.swift; path = MovieListViewController.swift; sourceTree = "<group>"; };
		71A919162363341A00D0651D /* BaseViewController.swift */ = {isa = PBXFileReference; lastKnownFileType = sourcecode.swift; path = BaseViewController.swift; sourceTree = "<group>"; };
		71A919182363345600D0651D /* MovieListPresenter.swift */ = {isa = PBXFileReference; lastKnownFileType = sourcecode.swift; path = MovieListPresenter.swift; sourceTree = "<group>"; };
		71A9191A2363347000D0651D /* MovieListRouter.swift */ = {isa = PBXFileReference; lastKnownFileType = sourcecode.swift; path = MovieListRouter.swift; sourceTree = "<group>"; };
		71A9191C2363348100D0651D /* MovieListConfigurator.swift */ = {isa = PBXFileReference; lastKnownFileType = sourcecode.swift; path = MovieListConfigurator.swift; sourceTree = "<group>"; };
		71A9191F2363350200D0651D /* BaseService.swift */ = {isa = PBXFileReference; lastKnownFileType = sourcecode.swift; path = BaseService.swift; sourceTree = "<group>"; };
		71A919222363355800D0651D /* Logger.swift */ = {isa = PBXFileReference; lastKnownFileType = sourcecode.swift; path = Logger.swift; sourceTree = "<group>"; };
		71A91925236336AD00D0651D /* FetchMovieListUseCase.swift */ = {isa = PBXFileReference; lastKnownFileType = sourcecode.swift; path = FetchMovieListUseCase.swift; sourceTree = "<group>"; };
		71A9192823633A1C00D0651D /* FetchMovieListRepository.swift */ = {isa = PBXFileReference; lastKnownFileType = sourcecode.swift; path = FetchMovieListRepository.swift; sourceTree = "<group>"; };
		71A9192A23633A3100D0651D /* FetchMovieListService.swift */ = {isa = PBXFileReference; lastKnownFileType = sourcecode.swift; path = FetchMovieListService.swift; sourceTree = "<group>"; };
		71A9192D23633AA700D0651D /* MoviesInfo.swift */ = {isa = PBXFileReference; lastKnownFileType = sourcecode.swift; path = MoviesInfo.swift; sourceTree = "<group>"; };
		71A9193023633F7800D0651D /* MoviesInfoResponse.swift */ = {isa = PBXFileReference; fileEncoding = 4; lastKnownFileType = sourcecode.swift; path = MoviesInfoResponse.swift; sourceTree = "<group>"; };
		71A9193123633F7800D0651D /* MovieResponse.swift */ = {isa = PBXFileReference; fileEncoding = 4; lastKnownFileType = sourcecode.swift; path = MovieResponse.swift; sourceTree = "<group>"; };
		71A91935236343D500D0651D /* MovieListApiToUIMapper.swift */ = {isa = PBXFileReference; lastKnownFileType = sourcecode.swift; path = MovieListApiToUIMapper.swift; sourceTree = "<group>"; };
		71A919382363492300D0651D /* ApiUrlConstants.swift */ = {isa = PBXFileReference; lastKnownFileType = sourcecode.swift; path = ApiUrlConstants.swift; sourceTree = "<group>"; };
		71A9193A236357FF00D0651D /* DateUtility.swift */ = {isa = PBXFileReference; lastKnownFileType = sourcecode.swift; path = DateUtility.swift; sourceTree = "<group>"; };
		71A9193D236376A100D0651D /* MoviePosterCollectionViewCell.swift */ = {isa = PBXFileReference; lastKnownFileType = sourcecode.swift; path = MoviePosterCollectionViewCell.swift; sourceTree = "<group>"; };
		71A9193E236376A100D0651D /* MoviePosterCollectionViewCell.xib */ = {isa = PBXFileReference; lastKnownFileType = file.xib; path = MoviePosterCollectionViewCell.xib; sourceTree = "<group>"; };
		71A9194223638B7400D0651D /* ImageDownloadManager.swift */ = {isa = PBXFileReference; lastKnownFileType = sourcecode.swift; path = ImageDownloadManager.swift; sourceTree = "<group>"; };
		71A919452363EA8600D0651D /* UIView+Extension.swift */ = {isa = PBXFileReference; lastKnownFileType = sourcecode.swift; path = "UIView+Extension.swift"; sourceTree = "<group>"; };
		71A919472363EAC600D0651D /* UIColor+Extension.swift */ = {isa = PBXFileReference; lastKnownFileType = sourcecode.swift; path = "UIColor+Extension.swift"; sourceTree = "<group>"; };
		791D4DEF91155B0E513ED91C /* Pods-HooqAppTests.debug.xcconfig */ = {isa = PBXFileReference; includeInIndex = 1; lastKnownFileType = text.xcconfig; name = "Pods-HooqAppTests.debug.xcconfig"; path = "Pods/Target Support Files/Pods-HooqAppTests/Pods-HooqAppTests.debug.xcconfig"; sourceTree = "<group>"; };
		CB82DBE2D700AF92F572CBF7 /* Pods-HooqAppUITests.debug.xcconfig */ = {isa = PBXFileReference; includeInIndex = 1; lastKnownFileType = text.xcconfig; name = "Pods-HooqAppUITests.debug.xcconfig"; path = "Pods/Target Support Files/Pods-HooqAppUITests/Pods-HooqAppUITests.debug.xcconfig"; sourceTree = "<group>"; };
		D1492CE9100BDD41E195D0C5 /* Pods_HooqAppUITests.framework */ = {isa = PBXFileReference; explicitFileType = wrapper.framework; includeInIndex = 0; path = Pods_HooqAppUITests.framework; sourceTree = BUILT_PRODUCTS_DIR; };
		DA1E0F4363E468997CFD2A37 /* Pods-HooqAppTests.release.xcconfig */ = {isa = PBXFileReference; includeInIndex = 1; lastKnownFileType = text.xcconfig; name = "Pods-HooqAppTests.release.xcconfig"; path = "Pods/Target Support Files/Pods-HooqAppTests/Pods-HooqAppTests.release.xcconfig"; sourceTree = "<group>"; };
		EFC9385F991B085FA83C4FB5 /* Pods-HooqApp.debug.xcconfig */ = {isa = PBXFileReference; includeInIndex = 1; lastKnownFileType = text.xcconfig; name = "Pods-HooqApp.debug.xcconfig"; path = "Pods/Target Support Files/Pods-HooqApp/Pods-HooqApp.debug.xcconfig"; sourceTree = "<group>"; };
		F12F3E9C23632A6400183C46 /* HooqApp.app */ = {isa = PBXFileReference; explicitFileType = wrapper.application; includeInIndex = 0; path = HooqApp.app; sourceTree = BUILT_PRODUCTS_DIR; };
		F12F3E9F23632A6400183C46 /* AppDelegate.swift */ = {isa = PBXFileReference; lastKnownFileType = sourcecode.swift; path = AppDelegate.swift; sourceTree = "<group>"; };
		F12F3EA423632A6400183C46 /* Base */ = {isa = PBXFileReference; lastKnownFileType = file.storyboard; name = Base; path = Base.lproj/Main.storyboard; sourceTree = "<group>"; };
		F12F3EA623632A6500183C46 /* Assets.xcassets */ = {isa = PBXFileReference; lastKnownFileType = folder.assetcatalog; path = Assets.xcassets; sourceTree = "<group>"; };
		F12F3EA923632A6500183C46 /* Base */ = {isa = PBXFileReference; lastKnownFileType = file.storyboard; name = Base; path = Base.lproj/LaunchScreen.storyboard; sourceTree = "<group>"; };
		F12F3EAB23632A6500183C46 /* Info.plist */ = {isa = PBXFileReference; lastKnownFileType = text.plist.xml; path = Info.plist; sourceTree = "<group>"; };
		F12F3EB023632A6500183C46 /* HooqAppTests.xctest */ = {isa = PBXFileReference; explicitFileType = wrapper.cfbundle; includeInIndex = 0; path = HooqAppTests.xctest; sourceTree = BUILT_PRODUCTS_DIR; };
		F12F3EB423632A6500183C46 /* HooqAppTests.swift */ = {isa = PBXFileReference; lastKnownFileType = sourcecode.swift; path = HooqAppTests.swift; sourceTree = "<group>"; };
		F12F3EB623632A6500183C46 /* Info.plist */ = {isa = PBXFileReference; lastKnownFileType = text.plist.xml; path = Info.plist; sourceTree = "<group>"; };
		F12F3EBB23632A6500183C46 /* HooqAppUITests.xctest */ = {isa = PBXFileReference; explicitFileType = wrapper.cfbundle; includeInIndex = 0; path = HooqAppUITests.xctest; sourceTree = BUILT_PRODUCTS_DIR; };
		F12F3EBF23632A6500183C46 /* HooqAppUITests.swift */ = {isa = PBXFileReference; lastKnownFileType = sourcecode.swift; path = HooqAppUITests.swift; sourceTree = "<group>"; };
		F12F3EC123632A6500183C46 /* Info.plist */ = {isa = PBXFileReference; lastKnownFileType = text.plist.xml; path = Info.plist; sourceTree = "<group>"; };
/* End PBXFileReference section */

/* Begin PBXFrameworksBuildPhase section */
		F12F3E9923632A6400183C46 /* Frameworks */ = {
			isa = PBXFrameworksBuildPhase;
			buildActionMask = 2147483647;
			files = (
				A8DCEDC30D4629CA54FE1446 /* Pods_HooqApp.framework in Frameworks */,
			);
			runOnlyForDeploymentPostprocessing = 0;
		};
		F12F3EAD23632A6500183C46 /* Frameworks */ = {
			isa = PBXFrameworksBuildPhase;
			buildActionMask = 2147483647;
			files = (
				6E16E5671762E7A18CECB73F /* Pods_HooqAppTests.framework in Frameworks */,
			);
			runOnlyForDeploymentPostprocessing = 0;
		};
		F12F3EB823632A6500183C46 /* Frameworks */ = {
			isa = PBXFrameworksBuildPhase;
			buildActionMask = 2147483647;
			files = (
				20DCF99A751F7E3995808178 /* Pods_HooqAppUITests.framework in Frameworks */,
			);
			runOnlyForDeploymentPostprocessing = 0;
		};
/* End PBXFrameworksBuildPhase section */

/* Begin PBXGroup section */
		71A9190E2363327700D0651D /* Presentation */ = {
			isa = PBXGroup;
			children = (
				71A91915236333F600D0651D /* Common */,
				71A919122363333B00D0651D /* MovieList */,
			);
			path = Presentation;
			sourceTree = "<group>";
		};
		71A9190F2363328400D0651D /* Data */ = {
			isa = PBXGroup;
			children = (
				71A91927236339FE00D0651D /* MovieList */,
				71A9191E236334BA00D0651D /* Common */,
			);
			path = Data;
			sourceTree = "<group>";
		};
		71A919102363328E00D0651D /* Domain */ = {
			isa = PBXGroup;
			children = (
				71A91924236335B500D0651D /* MovieList */,
			);
			path = Domain;
			sourceTree = "<group>";
		};
		71A919112363329C00D0651D /* Device */ = {
			isa = PBXGroup;
			children = (
				71A919442363EA5F00D0651D /* Exstensions */,
				71A9194123638B5000D0651D /* Manager */,
				71A919372363490900D0651D /* Constants */,
				71A919212363354400D0651D /* Utility */,
			);
			path = Device;
			sourceTree = "<group>";
		};
		71A919122363333B00D0651D /* MovieList */ = {
			isa = PBXGroup;
			children = (
				71A9193C2363766900D0651D /* View */,
				71A91913236333AA00D0651D /* MovieListViewController.swift */,
				71A919182363345600D0651D /* MovieListPresenter.swift */,
				71A9191C2363348100D0651D /* MovieListConfigurator.swift */,
				71A9191A2363347000D0651D /* MovieListRouter.swift */,
			);
			path = MovieList;
			sourceTree = "<group>";
		};
		71A91915236333F600D0651D /* Common */ = {
			isa = PBXGroup;
			children = (
				71A919162363341A00D0651D /* BaseViewController.swift */,
			);
			path = Common;
			sourceTree = "<group>";
		};
		71A9191E236334BA00D0651D /* Common */ = {
			isa = PBXGroup;
			children = (
				71A9191F2363350200D0651D /* BaseService.swift */,
			);
			path = Common;
			sourceTree = "<group>";
		};
		71A919212363354400D0651D /* Utility */ = {
			isa = PBXGroup;
			children = (
				71A919222363355800D0651D /* Logger.swift */,
				71A9193A236357FF00D0651D /* DateUtility.swift */,
			);
			path = Utility;
			sourceTree = "<group>";
		};
		71A91924236335B500D0651D /* MovieList */ = {
			isa = PBXGroup;
			children = (
				71A919342363434A00D0651D /* Mapper */,
				71A9192C23633A6200D0651D /* Model */,
				71A91925236336AD00D0651D /* FetchMovieListUseCase.swift */,
			);
			path = MovieList;
			sourceTree = "<group>";
		};
		71A91927236339FE00D0651D /* MovieList */ = {
			isa = PBXGroup;
			children = (
				71A9192F23633F1F00D0651D /* Entity */,
				71A9192823633A1C00D0651D /* FetchMovieListRepository.swift */,
				71A9192A23633A3100D0651D /* FetchMovieListService.swift */,
			);
			path = MovieList;
			sourceTree = "<group>";
		};
		71A9192C23633A6200D0651D /* Model */ = {
			isa = PBXGroup;
			children = (
				71A9192D23633AA700D0651D /* MoviesInfo.swift */,
			);
			path = Model;
			sourceTree = "<group>";
		};
		71A9192F23633F1F00D0651D /* Entity */ = {
			isa = PBXGroup;
			children = (
				71A9193123633F7800D0651D /* MovieResponse.swift */,
				71A9193023633F7800D0651D /* MoviesInfoResponse.swift */,
			);
			path = Entity;
			sourceTree = "<group>";
		};
		71A919342363434A00D0651D /* Mapper */ = {
			isa = PBXGroup;
			children = (
				71A91935236343D500D0651D /* MovieListApiToUIMapper.swift */,
			);
			path = Mapper;
			sourceTree = "<group>";
		};
		71A919372363490900D0651D /* Constants */ = {
			isa = PBXGroup;
			children = (
				71A919382363492300D0651D /* ApiUrlConstants.swift */,
			);
			path = Constants;
			sourceTree = "<group>";
		};
		71A9193C2363766900D0651D /* View */ = {
			isa = PBXGroup;
			children = (
				71A9193D236376A100D0651D /* MoviePosterCollectionViewCell.swift */,
				71A9193E236376A100D0651D /* MoviePosterCollectionViewCell.xib */,
			);
			path = View;
			sourceTree = "<group>";
		};
		71A9194123638B5000D0651D /* Manager */ = {
			isa = PBXGroup;
			children = (
				71A9194223638B7400D0651D /* ImageDownloadManager.swift */,
			);
			path = Manager;
			sourceTree = "<group>";
		};
		71A919442363EA5F00D0651D /* Exstensions */ = {
			isa = PBXGroup;
			children = (
				71A919452363EA8600D0651D /* UIView+Extension.swift */,
				71A919472363EAC600D0651D /* UIColor+Extension.swift */,
			);
			path = Exstensions;
			sourceTree = "<group>";
		};
		937D66ED59FC0308E11677B8 /* Frameworks */ = {
			isa = PBXGroup;
			children = (
				4566E393A5EB8B0271076A49 /* Pods_HooqApp.framework */,
				46B83A41A02532CC7F834D1B /* Pods_HooqAppTests.framework */,
				D1492CE9100BDD41E195D0C5 /* Pods_HooqAppUITests.framework */,
			);
			name = Frameworks;
			sourceTree = "<group>";
		};
		98EAEF0D5EEF8BEE1698BE3A /* Pods */ = {
			isa = PBXGroup;
			children = (
				EFC9385F991B085FA83C4FB5 /* Pods-HooqApp.debug.xcconfig */,
				2B2C03388F249C06E637EF6F /* Pods-HooqApp.release.xcconfig */,
				791D4DEF91155B0E513ED91C /* Pods-HooqAppTests.debug.xcconfig */,
				DA1E0F4363E468997CFD2A37 /* Pods-HooqAppTests.release.xcconfig */,
				CB82DBE2D700AF92F572CBF7 /* Pods-HooqAppUITests.debug.xcconfig */,
				025F224E90B0AF5B2798DB25 /* Pods-HooqAppUITests.release.xcconfig */,
			);
			name = Pods;
			sourceTree = "<group>";
		};
		F12F3E9323632A6400183C46 = {
			isa = PBXGroup;
			children = (
				F12F3E9E23632A6400183C46 /* HooqApp */,
				F12F3EB323632A6500183C46 /* HooqAppTests */,
				F12F3EBE23632A6500183C46 /* HooqAppUITests */,
				F12F3E9D23632A6400183C46 /* Products */,
				98EAEF0D5EEF8BEE1698BE3A /* Pods */,
				937D66ED59FC0308E11677B8 /* Frameworks */,
			);
			sourceTree = "<group>";
		};
		F12F3E9D23632A6400183C46 /* Products */ = {
			isa = PBXGroup;
			children = (
				F12F3E9C23632A6400183C46 /* HooqApp.app */,
				F12F3EB023632A6500183C46 /* HooqAppTests.xctest */,
				F12F3EBB23632A6500183C46 /* HooqAppUITests.xctest */,
			);
			name = Products;
			sourceTree = "<group>";
		};
		F12F3E9E23632A6400183C46 /* HooqApp */ = {
			isa = PBXGroup;
			children = (
				71A9190F2363328400D0651D /* Data */,
				71A919102363328E00D0651D /* Domain */,
				71A9190E2363327700D0651D /* Presentation */,
				71A919112363329C00D0651D /* Device */,
				F12F3E9F23632A6400183C46 /* AppDelegate.swift */,
				F12F3EA323632A6400183C46 /* Main.storyboard */,
				F12F3EA623632A6500183C46 /* Assets.xcassets */,
				F12F3EA823632A6500183C46 /* LaunchScreen.storyboard */,
				F12F3EAB23632A6500183C46 /* Info.plist */,
			);
			path = HooqApp;
			sourceTree = "<group>";
		};
		F12F3EB323632A6500183C46 /* HooqAppTests */ = {
			isa = PBXGroup;
			children = (
				F12F3EB423632A6500183C46 /* HooqAppTests.swift */,
				F12F3EB623632A6500183C46 /* Info.plist */,
			);
			path = HooqAppTests;
			sourceTree = "<group>";
		};
		F12F3EBE23632A6500183C46 /* HooqAppUITests */ = {
			isa = PBXGroup;
			children = (
				F12F3EBF23632A6500183C46 /* HooqAppUITests.swift */,
				F12F3EC123632A6500183C46 /* Info.plist */,
			);
			path = HooqAppUITests;
			sourceTree = "<group>";
		};
/* End PBXGroup section */

/* Begin PBXNativeTarget section */
		F12F3E9B23632A6400183C46 /* HooqApp */ = {
			isa = PBXNativeTarget;
			buildConfigurationList = F12F3EC423632A6500183C46 /* Build configuration list for PBXNativeTarget "HooqApp" */;
			buildPhases = (
				E16CCB5FEDA326C102E9FB60 /* [CP] Check Pods Manifest.lock */,
				F12F3E9823632A6400183C46 /* Sources */,
				F12F3E9923632A6400183C46 /* Frameworks */,
				F12F3E9A23632A6400183C46 /* Resources */,
				ADDEF5937B05CDCA7B0A85E8 /* [CP] Embed Pods Frameworks */,
			);
			buildRules = (
			);
			dependencies = (
			);
			name = HooqApp;
			productName = HooqApp;
			productReference = F12F3E9C23632A6400183C46 /* HooqApp.app */;
			productType = "com.apple.product-type.application";
		};
		F12F3EAF23632A6500183C46 /* HooqAppTests */ = {
			isa = PBXNativeTarget;
			buildConfigurationList = F12F3EC723632A6500183C46 /* Build configuration list for PBXNativeTarget "HooqAppTests" */;
			buildPhases = (
				6D108EA600311ECC4E729F73 /* [CP] Check Pods Manifest.lock */,
				F12F3EAC23632A6500183C46 /* Sources */,
				F12F3EAD23632A6500183C46 /* Frameworks */,
				F12F3EAE23632A6500183C46 /* Resources */,
			);
			buildRules = (
			);
			dependencies = (
				F12F3EB223632A6500183C46 /* PBXTargetDependency */,
			);
			name = HooqAppTests;
			productName = HooqAppTests;
			productReference = F12F3EB023632A6500183C46 /* HooqAppTests.xctest */;
			productType = "com.apple.product-type.bundle.unit-test";
		};
		F12F3EBA23632A6500183C46 /* HooqAppUITests */ = {
			isa = PBXNativeTarget;
			buildConfigurationList = F12F3ECA23632A6500183C46 /* Build configuration list for PBXNativeTarget "HooqAppUITests" */;
			buildPhases = (
				7C8C98A84C5D1521920D6487 /* [CP] Check Pods Manifest.lock */,
				F12F3EB723632A6500183C46 /* Sources */,
				F12F3EB823632A6500183C46 /* Frameworks */,
				F12F3EB923632A6500183C46 /* Resources */,
			);
			buildRules = (
			);
			dependencies = (
				F12F3EBD23632A6500183C46 /* PBXTargetDependency */,
			);
			name = HooqAppUITests;
			productName = HooqAppUITests;
			productReference = F12F3EBB23632A6500183C46 /* HooqAppUITests.xctest */;
			productType = "com.apple.product-type.bundle.ui-testing";
		};
/* End PBXNativeTarget section */

/* Begin PBXProject section */
		F12F3E9423632A6400183C46 /* Project object */ = {
			isa = PBXProject;
			attributes = {
				LastSwiftUpdateCheck = 1020;
				LastUpgradeCheck = 1020;
				ORGANIZATIONNAME = "Balaji Galave";
				TargetAttributes = {
					F12F3E9B23632A6400183C46 = {
						CreatedOnToolsVersion = 10.2;
					};
					F12F3EAF23632A6500183C46 = {
						CreatedOnToolsVersion = 10.2;
						TestTargetID = F12F3E9B23632A6400183C46;
					};
					F12F3EBA23632A6500183C46 = {
						CreatedOnToolsVersion = 10.2;
						TestTargetID = F12F3E9B23632A6400183C46;
					};
				};
			};
			buildConfigurationList = F12F3E9723632A6400183C46 /* Build configuration list for PBXProject "HooqApp" */;
			compatibilityVersion = "Xcode 9.3";
			developmentRegion = en;
			hasScannedForEncodings = 0;
			knownRegions = (
				en,
				Base,
			);
			mainGroup = F12F3E9323632A6400183C46;
			productRefGroup = F12F3E9D23632A6400183C46 /* Products */;
			projectDirPath = "";
			projectRoot = "";
			targets = (
				F12F3E9B23632A6400183C46 /* HooqApp */,
				F12F3EAF23632A6500183C46 /* HooqAppTests */,
				F12F3EBA23632A6500183C46 /* HooqAppUITests */,
			);
		};
/* End PBXProject section */

/* Begin PBXResourcesBuildPhase section */
		F12F3E9A23632A6400183C46 /* Resources */ = {
			isa = PBXResourcesBuildPhase;
			buildActionMask = 2147483647;
			files = (
				F12F3EAA23632A6500183C46 /* LaunchScreen.storyboard in Resources */,
				F12F3EA723632A6500183C46 /* Assets.xcassets in Resources */,
				71A91940236376A100D0651D /* MoviePosterCollectionViewCell.xib in Resources */,
				F12F3EA523632A6400183C46 /* Main.storyboard in Resources */,
			);
			runOnlyForDeploymentPostprocessing = 0;
		};
		F12F3EAE23632A6500183C46 /* Resources */ = {
			isa = PBXResourcesBuildPhase;
			buildActionMask = 2147483647;
			files = (
			);
			runOnlyForDeploymentPostprocessing = 0;
		};
		F12F3EB923632A6500183C46 /* Resources */ = {
			isa = PBXResourcesBuildPhase;
			buildActionMask = 2147483647;
			files = (
			);
			runOnlyForDeploymentPostprocessing = 0;
		};
/* End PBXResourcesBuildPhase section */

/* Begin PBXShellScriptBuildPhase section */
		6D108EA600311ECC4E729F73 /* [CP] Check Pods Manifest.lock */ = {
			isa = PBXShellScriptBuildPhase;
			buildActionMask = 2147483647;
			files = (
			);
			inputPaths = (
				"${PODS_PODFILE_DIR_PATH}/Podfile.lock",
				"${PODS_ROOT}/Manifest.lock",
			);
			name = "[CP] Check Pods Manifest.lock";
			outputPaths = (
				"$(DERIVED_FILE_DIR)/Pods-HooqAppTests-checkManifestLockResult.txt",
			);
			runOnlyForDeploymentPostprocessing = 0;
			shellPath = /bin/sh;
			shellScript = "diff \"${PODS_PODFILE_DIR_PATH}/Podfile.lock\" \"${PODS_ROOT}/Manifest.lock\" > /dev/null\nif [ $? != 0 ] ; then\n    # print error to STDERR\n    echo \"error: The sandbox is not in sync with the Podfile.lock. Run 'pod install' or update your CocoaPods installation.\" >&2\n    exit 1\nfi\n# This output is used by Xcode 'outputs' to avoid re-running this script phase.\necho \"SUCCESS\" > \"${SCRIPT_OUTPUT_FILE_0}\"\n";
			showEnvVarsInLog = 0;
		};
		7C8C98A84C5D1521920D6487 /* [CP] Check Pods Manifest.lock */ = {
			isa = PBXShellScriptBuildPhase;
			buildActionMask = 2147483647;
			files = (
			);
			inputPaths = (
				"${PODS_PODFILE_DIR_PATH}/Podfile.lock",
				"${PODS_ROOT}/Manifest.lock",
			);
			name = "[CP] Check Pods Manifest.lock";
			outputPaths = (
				"$(DERIVED_FILE_DIR)/Pods-HooqAppUITests-checkManifestLockResult.txt",
			);
			runOnlyForDeploymentPostprocessing = 0;
			shellPath = /bin/sh;
			shellScript = "diff \"${PODS_PODFILE_DIR_PATH}/Podfile.lock\" \"${PODS_ROOT}/Manifest.lock\" > /dev/null\nif [ $? != 0 ] ; then\n    # print error to STDERR\n    echo \"error: The sandbox is not in sync with the Podfile.lock. Run 'pod install' or update your CocoaPods installation.\" >&2\n    exit 1\nfi\n# This output is used by Xcode 'outputs' to avoid re-running this script phase.\necho \"SUCCESS\" > \"${SCRIPT_OUTPUT_FILE_0}\"\n";
			showEnvVarsInLog = 0;
		};
		ADDEF5937B05CDCA7B0A85E8 /* [CP] Embed Pods Frameworks */ = {
			isa = PBXShellScriptBuildPhase;
			buildActionMask = 2147483647;
			files = (
			);
			inputPaths = (
				"${SRCROOT}/Pods/Target Support Files/Pods-HooqApp/Pods-HooqApp-frameworks.sh",
				"${BUILT_PRODUCTS_DIR}/Alamofire/Alamofire.framework",
				"${BUILT_PRODUCTS_DIR}/SDWebImage/SDWebImage.framework",
			);
			name = "[CP] Embed Pods Frameworks";
			outputPaths = (
				"${TARGET_BUILD_DIR}/${FRAMEWORKS_FOLDER_PATH}/Alamofire.framework",
				"${TARGET_BUILD_DIR}/${FRAMEWORKS_FOLDER_PATH}/SDWebImage.framework",
			);
			runOnlyForDeploymentPostprocessing = 0;
			shellPath = /bin/sh;
			shellScript = "\"${SRCROOT}/Pods/Target Support Files/Pods-HooqApp/Pods-HooqApp-frameworks.sh\"\n";
			showEnvVarsInLog = 0;
		};
		E16CCB5FEDA326C102E9FB60 /* [CP] Check Pods Manifest.lock */ = {
			isa = PBXShellScriptBuildPhase;
			buildActionMask = 2147483647;
			files = (
			);
			inputPaths = (
				"${PODS_PODFILE_DIR_PATH}/Podfile.lock",
				"${PODS_ROOT}/Manifest.lock",
			);
			name = "[CP] Check Pods Manifest.lock";
			outputPaths = (
				"$(DERIVED_FILE_DIR)/Pods-HooqApp-checkManifestLockResult.txt",
			);
			runOnlyForDeploymentPostprocessing = 0;
			shellPath = /bin/sh;
			shellScript = "diff \"${PODS_PODFILE_DIR_PATH}/Podfile.lock\" \"${PODS_ROOT}/Manifest.lock\" > /dev/null\nif [ $? != 0 ] ; then\n    # print error to STDERR\n    echo \"error: The sandbox is not in sync with the Podfile.lock. Run 'pod install' or update your CocoaPods installation.\" >&2\n    exit 1\nfi\n# This output is used by Xcode 'outputs' to avoid re-running this script phase.\necho \"SUCCESS\" > \"${SCRIPT_OUTPUT_FILE_0}\"\n";
			showEnvVarsInLog = 0;
		};
/* End PBXShellScriptBuildPhase section */

/* Begin PBXSourcesBuildPhase section */
		F12F3E9823632A6400183C46 /* Sources */ = {
			isa = PBXSourcesBuildPhase;
			buildActionMask = 2147483647;
			files = (
				71A919482363EAC600D0651D /* UIColor+Extension.swift in Sources */,
				71A9193F236376A100D0651D /* MoviePosterCollectionViewCell.swift in Sources */,
				71A91926236336AD00D0651D /* FetchMovieListUseCase.swift in Sources */,
				F12F3EA023632A6400183C46 /* AppDelegate.swift in Sources */,
				71A91914236333AA00D0651D /* MovieListViewController.swift in Sources */,
				71A919172363341A00D0651D /* BaseViewController.swift in Sources */,
				71A9193B236357FF00D0651D /* DateUtility.swift in Sources */,
				71A9191B2363347000D0651D /* MovieListRouter.swift in Sources */,
				71A9192B23633A3100D0651D /* FetchMovieListService.swift in Sources */,
				71A9192923633A1C00D0651D /* FetchMovieListRepository.swift in Sources */,
				71A91936236343D500D0651D /* MovieListApiToUIMapper.swift in Sources */,
				71A9193323633F7800D0651D /* MovieResponse.swift in Sources */,
				71A9194323638B7400D0651D /* ImageDownloadManager.swift in Sources */,
				71A919202363350200D0651D /* BaseService.swift in Sources */,
				71A919392363492300D0651D /* ApiUrlConstants.swift in Sources */,
				71A919192363345600D0651D /* MovieListPresenter.swift in Sources */,
				71A9191D2363348100D0651D /* MovieListConfigurator.swift in Sources */,
				71A9192E23633AA700D0651D /* MoviesInfo.swift in Sources */,
				71A919232363355800D0651D /* Logger.swift in Sources */,
				71A919462363EA8600D0651D /* UIView+Extension.swift in Sources */,
				71A9193223633F7800D0651D /* MoviesInfoResponse.swift in Sources */,
			);
			runOnlyForDeploymentPostprocessing = 0;
		};
		F12F3EAC23632A6500183C46 /* Sources */ = {
			isa = PBXSourcesBuildPhase;
			buildActionMask = 2147483647;
			files = (
				F12F3EB523632A6500183C46 /* HooqAppTests.swift in Sources */,
			);
			runOnlyForDeploymentPostprocessing = 0;
		};
		F12F3EB723632A6500183C46 /* Sources */ = {
			isa = PBXSourcesBuildPhase;
			buildActionMask = 2147483647;
			files = (
				F12F3EC023632A6500183C46 /* HooqAppUITests.swift in Sources */,
			);
			runOnlyForDeploymentPostprocessing = 0;
		};
/* End PBXSourcesBuildPhase section */

/* Begin PBXTargetDependency section */
		F12F3EB223632A6500183C46 /* PBXTargetDependency */ = {
			isa = PBXTargetDependency;
			target = F12F3E9B23632A6400183C46 /* HooqApp */;
			targetProxy = F12F3EB123632A6500183C46 /* PBXContainerItemProxy */;
		};
		F12F3EBD23632A6500183C46 /* PBXTargetDependency */ = {
			isa = PBXTargetDependency;
			target = F12F3E9B23632A6400183C46 /* HooqApp */;
			targetProxy = F12F3EBC23632A6500183C46 /* PBXContainerItemProxy */;
		};
/* End PBXTargetDependency section */

/* Begin PBXVariantGroup section */
		F12F3EA323632A6400183C46 /* Main.storyboard */ = {
			isa = PBXVariantGroup;
			children = (
				F12F3EA423632A6400183C46 /* Base */,
			);
			name = Main.storyboard;
			sourceTree = "<group>";
		};
		F12F3EA823632A6500183C46 /* LaunchScreen.storyboard */ = {
			isa = PBXVariantGroup;
			children = (
				F12F3EA923632A6500183C46 /* Base */,
			);
			name = LaunchScreen.storyboard;
			sourceTree = "<group>";
		};
/* End PBXVariantGroup section */

/* Begin XCBuildConfiguration section */
		F12F3EC223632A6500183C46 /* Debug */ = {
			isa = XCBuildConfiguration;
			buildSettings = {
				ALWAYS_SEARCH_USER_PATHS = NO;
				CLANG_ANALYZER_NONNULL = YES;
				CLANG_ANALYZER_NUMBER_OBJECT_CONVERSION = YES_AGGRESSIVE;
				CLANG_CXX_LANGUAGE_STANDARD = "gnu++14";
				CLANG_CXX_LIBRARY = "libc++";
				CLANG_ENABLE_MODULES = YES;
				CLANG_ENABLE_OBJC_ARC = YES;
				CLANG_ENABLE_OBJC_WEAK = YES;
				CLANG_WARN_BLOCK_CAPTURE_AUTORELEASING = YES;
				CLANG_WARN_BOOL_CONVERSION = YES;
				CLANG_WARN_COMMA = YES;
				CLANG_WARN_CONSTANT_CONVERSION = YES;
				CLANG_WARN_DEPRECATED_OBJC_IMPLEMENTATIONS = YES;
				CLANG_WARN_DIRECT_OBJC_ISA_USAGE = YES_ERROR;
				CLANG_WARN_DOCUMENTATION_COMMENTS = YES;
				CLANG_WARN_EMPTY_BODY = YES;
				CLANG_WARN_ENUM_CONVERSION = YES;
				CLANG_WARN_INFINITE_RECURSION = YES;
				CLANG_WARN_INT_CONVERSION = YES;
				CLANG_WARN_NON_LITERAL_NULL_CONVERSION = YES;
				CLANG_WARN_OBJC_IMPLICIT_RETAIN_SELF = YES;
				CLANG_WARN_OBJC_LITERAL_CONVERSION = YES;
				CLANG_WARN_OBJC_ROOT_CLASS = YES_ERROR;
				CLANG_WARN_RANGE_LOOP_ANALYSIS = YES;
				CLANG_WARN_STRICT_PROTOTYPES = YES;
				CLANG_WARN_SUSPICIOUS_MOVE = YES;
				CLANG_WARN_UNGUARDED_AVAILABILITY = YES_AGGRESSIVE;
				CLANG_WARN_UNREACHABLE_CODE = YES;
				CLANG_WARN__DUPLICATE_METHOD_MATCH = YES;
				CODE_SIGN_IDENTITY = "iPhone Developer";
				COPY_PHASE_STRIP = NO;
				DEBUG_INFORMATION_FORMAT = dwarf;
				ENABLE_STRICT_OBJC_MSGSEND = YES;
				ENABLE_TESTABILITY = YES;
				GCC_C_LANGUAGE_STANDARD = gnu11;
				GCC_DYNAMIC_NO_PIC = NO;
				GCC_NO_COMMON_BLOCKS = YES;
				GCC_OPTIMIZATION_LEVEL = 0;
				GCC_PREPROCESSOR_DEFINITIONS = (
					"DEBUG=1",
					"$(inherited)",
				);
				GCC_WARN_64_TO_32_BIT_CONVERSION = YES;
				GCC_WARN_ABOUT_RETURN_TYPE = YES_ERROR;
				GCC_WARN_UNDECLARED_SELECTOR = YES;
				GCC_WARN_UNINITIALIZED_AUTOS = YES_AGGRESSIVE;
				GCC_WARN_UNUSED_FUNCTION = YES;
				GCC_WARN_UNUSED_VARIABLE = YES;
				IPHONEOS_DEPLOYMENT_TARGET = 12.2;
				MTL_ENABLE_DEBUG_INFO = INCLUDE_SOURCE;
				MTL_FAST_MATH = YES;
				ONLY_ACTIVE_ARCH = YES;
				SDKROOT = iphoneos;
				SWIFT_ACTIVE_COMPILATION_CONDITIONS = DEBUG;
				SWIFT_OPTIMIZATION_LEVEL = "-Onone";
			};
			name = Debug;
		};
		F12F3EC323632A6500183C46 /* Release */ = {
			isa = XCBuildConfiguration;
			buildSettings = {
				ALWAYS_SEARCH_USER_PATHS = NO;
				CLANG_ANALYZER_NONNULL = YES;
				CLANG_ANALYZER_NUMBER_OBJECT_CONVERSION = YES_AGGRESSIVE;
				CLANG_CXX_LANGUAGE_STANDARD = "gnu++14";
				CLANG_CXX_LIBRARY = "libc++";
				CLANG_ENABLE_MODULES = YES;
				CLANG_ENABLE_OBJC_ARC = YES;
				CLANG_ENABLE_OBJC_WEAK = YES;
				CLANG_WARN_BLOCK_CAPTURE_AUTORELEASING = YES;
				CLANG_WARN_BOOL_CONVERSION = YES;
				CLANG_WARN_COMMA = YES;
				CLANG_WARN_CONSTANT_CONVERSION = YES;
				CLANG_WARN_DEPRECATED_OBJC_IMPLEMENTATIONS = YES;
				CLANG_WARN_DIRECT_OBJC_ISA_USAGE = YES_ERROR;
				CLANG_WARN_DOCUMENTATION_COMMENTS = YES;
				CLANG_WARN_EMPTY_BODY = YES;
				CLANG_WARN_ENUM_CONVERSION = YES;
				CLANG_WARN_INFINITE_RECURSION = YES;
				CLANG_WARN_INT_CONVERSION = YES;
				CLANG_WARN_NON_LITERAL_NULL_CONVERSION = YES;
				CLANG_WARN_OBJC_IMPLICIT_RETAIN_SELF = YES;
				CLANG_WARN_OBJC_LITERAL_CONVERSION = YES;
				CLANG_WARN_OBJC_ROOT_CLASS = YES_ERROR;
				CLANG_WARN_RANGE_LOOP_ANALYSIS = YES;
				CLANG_WARN_STRICT_PROTOTYPES = YES;
				CLANG_WARN_SUSPICIOUS_MOVE = YES;
				CLANG_WARN_UNGUARDED_AVAILABILITY = YES_AGGRESSIVE;
				CLANG_WARN_UNREACHABLE_CODE = YES;
				CLANG_WARN__DUPLICATE_METHOD_MATCH = YES;
				CODE_SIGN_IDENTITY = "iPhone Developer";
				COPY_PHASE_STRIP = NO;
				DEBUG_INFORMATION_FORMAT = "dwarf-with-dsym";
				ENABLE_NS_ASSERTIONS = NO;
				ENABLE_STRICT_OBJC_MSGSEND = YES;
				GCC_C_LANGUAGE_STANDARD = gnu11;
				GCC_NO_COMMON_BLOCKS = YES;
				GCC_WARN_64_TO_32_BIT_CONVERSION = YES;
				GCC_WARN_ABOUT_RETURN_TYPE = YES_ERROR;
				GCC_WARN_UNDECLARED_SELECTOR = YES;
				GCC_WARN_UNINITIALIZED_AUTOS = YES_AGGRESSIVE;
				GCC_WARN_UNUSED_FUNCTION = YES;
				GCC_WARN_UNUSED_VARIABLE = YES;
				IPHONEOS_DEPLOYMENT_TARGET = 12.2;
				MTL_ENABLE_DEBUG_INFO = NO;
				MTL_FAST_MATH = YES;
				SDKROOT = iphoneos;
				SWIFT_COMPILATION_MODE = wholemodule;
				SWIFT_OPTIMIZATION_LEVEL = "-O";
				VALIDATE_PRODUCT = YES;
			};
			name = Release;
		};
		F12F3EC523632A6500183C46 /* Debug */ = {
			isa = XCBuildConfiguration;
			baseConfigurationReference = EFC9385F991B085FA83C4FB5 /* Pods-HooqApp.debug.xcconfig */;
			buildSettings = {
				ASSETCATALOG_COMPILER_APPICON_NAME = AppIcon;
				CODE_SIGN_STYLE = Automatic;
				DEVELOPMENT_TEAM = T8WFB9U9CW;
				INFOPLIST_FILE = HooqApp/Info.plist;
				IPHONEOS_DEPLOYMENT_TARGET = 12.2;
				LD_RUNPATH_SEARCH_PATHS = (
					"$(inherited)",
					"@executable_path/Frameworks",
				);
				PRODUCT_BUNDLE_IDENTIFIER = com.hooq.HooqApp;
				PRODUCT_NAME = "$(TARGET_NAME)";
				SWIFT_VERSION = 5.0;
				TARGETED_DEVICE_FAMILY = "1,2";
			};
			name = Debug;
		};
		F12F3EC623632A6500183C46 /* Release */ = {
			isa = XCBuildConfiguration;
			baseConfigurationReference = 2B2C03388F249C06E637EF6F /* Pods-HooqApp.release.xcconfig */;
			buildSettings = {
				ASSETCATALOG_COMPILER_APPICON_NAME = AppIcon;
				CODE_SIGN_STYLE = Automatic;
				DEVELOPMENT_TEAM = T8WFB9U9CW;
				INFOPLIST_FILE = HooqApp/Info.plist;
				IPHONEOS_DEPLOYMENT_TARGET = 12.2;
				LD_RUNPATH_SEARCH_PATHS = (
					"$(inherited)",
					"@executable_path/Frameworks",
				);
				PRODUCT_BUNDLE_IDENTIFIER = com.hooq.HooqApp;
				PRODUCT_NAME = "$(TARGET_NAME)";
				SWIFT_VERSION = 5.0;
				TARGETED_DEVICE_FAMILY = "1,2";
			};
			name = Release;
		};
		F12F3EC823632A6500183C46 /* Debug */ = {
			isa = XCBuildConfiguration;
			baseConfigurationReference = 791D4DEF91155B0E513ED91C /* Pods-HooqAppTests.debug.xcconfig */;
			buildSettings = {
				ALWAYS_EMBED_SWIFT_STANDARD_LIBRARIES = YES;
				BUNDLE_LOADER = "$(TEST_HOST)";
				CODE_SIGN_STYLE = Automatic;
				DEVELOPMENT_TEAM = T8WFB9U9CW;
				INFOPLIST_FILE = HooqAppTests/Info.plist;
				LD_RUNPATH_SEARCH_PATHS = (
					"$(inherited)",
					"@executable_path/Frameworks",
					"@loader_path/Frameworks",
				);
				PRODUCT_BUNDLE_IDENTIFIER = com.hooq.HooqAppTests;
				PRODUCT_NAME = "$(TARGET_NAME)";
				SWIFT_VERSION = 5.0;
				TARGETED_DEVICE_FAMILY = "1,2";
				TEST_HOST = "$(BUILT_PRODUCTS_DIR)/HooqApp.app/HooqApp";
			};
			name = Debug;
		};
		F12F3EC923632A6500183C46 /* Release */ = {
			isa = XCBuildConfiguration;
			baseConfigurationReference = DA1E0F4363E468997CFD2A37 /* Pods-HooqAppTests.release.xcconfig */;
			buildSettings = {
				ALWAYS_EMBED_SWIFT_STANDARD_LIBRARIES = YES;
				BUNDLE_LOADER = "$(TEST_HOST)";
				CODE_SIGN_STYLE = Automatic;
				DEVELOPMENT_TEAM = T8WFB9U9CW;
				INFOPLIST_FILE = HooqAppTests/Info.plist;
				LD_RUNPATH_SEARCH_PATHS = (
					"$(inherited)",
					"@executable_path/Frameworks",
					"@loader_path/Frameworks",
				);
				PRODUCT_BUNDLE_IDENTIFIER = com.hooq.HooqAppTests;
				PRODUCT_NAME = "$(TARGET_NAME)";
				SWIFT_VERSION = 5.0;
				TARGETED_DEVICE_FAMILY = "1,2";
				TEST_HOST = "$(BUILT_PRODUCTS_DIR)/HooqApp.app/HooqApp";
			};
			name = Release;
		};
		F12F3ECB23632A6500183C46 /* Debug */ = {
			isa = XCBuildConfiguration;
			baseConfigurationReference = CB82DBE2D700AF92F572CBF7 /* Pods-HooqAppUITests.debug.xcconfig */;
			buildSettings = {
				ALWAYS_EMBED_SWIFT_STANDARD_LIBRARIES = YES;
				CODE_SIGN_STYLE = Automatic;
				DEVELOPMENT_TEAM = T8WFB9U9CW;
				INFOPLIST_FILE = HooqAppUITests/Info.plist;
				LD_RUNPATH_SEARCH_PATHS = (
					"$(inherited)",
					"@executable_path/Frameworks",
					"@loader_path/Frameworks",
				);
				PRODUCT_BUNDLE_IDENTIFIER = com.hooq.HooqAppUITests;
				PRODUCT_NAME = "$(TARGET_NAME)";
				SWIFT_VERSION = 5.0;
				TARGETED_DEVICE_FAMILY = "1,2";
				TEST_TARGET_NAME = HooqApp;
			};
			name = Debug;
		};
		F12F3ECC23632A6500183C46 /* Release */ = {
			isa = XCBuildConfiguration;
			baseConfigurationReference = 025F224E90B0AF5B2798DB25 /* Pods-HooqAppUITests.release.xcconfig */;
			buildSettings = {
				ALWAYS_EMBED_SWIFT_STANDARD_LIBRARIES = YES;
				CODE_SIGN_STYLE = Automatic;
				DEVELOPMENT_TEAM = T8WFB9U9CW;
				INFOPLIST_FILE = HooqAppUITests/Info.plist;
				LD_RUNPATH_SEARCH_PATHS = (
					"$(inherited)",
					"@executable_path/Frameworks",
					"@loader_path/Frameworks",
				);
				PRODUCT_BUNDLE_IDENTIFIER = com.hooq.HooqAppUITests;
				PRODUCT_NAME = "$(TARGET_NAME)";
				SWIFT_VERSION = 5.0;
				TARGETED_DEVICE_FAMILY = "1,2";
				TEST_TARGET_NAME = HooqApp;
			};
			name = Release;
		};
/* End XCBuildConfiguration section */

/* Begin XCConfigurationList section */
		F12F3E9723632A6400183C46 /* Build configuration list for PBXProject "HooqApp" */ = {
			isa = XCConfigurationList;
			buildConfigurations = (
				F12F3EC223632A6500183C46 /* Debug */,
				F12F3EC323632A6500183C46 /* Release */,
			);
			defaultConfigurationIsVisible = 0;
			defaultConfigurationName = Release;
		};
		F12F3EC423632A6500183C46 /* Build configuration list for PBXNativeTarget "HooqApp" */ = {
			isa = XCConfigurationList;
			buildConfigurations = (
				F12F3EC523632A6500183C46 /* Debug */,
				F12F3EC623632A6500183C46 /* Release */,
			);
			defaultConfigurationIsVisible = 0;
			defaultConfigurationName = Release;
		};
		F12F3EC723632A6500183C46 /* Build configuration list for PBXNativeTarget "HooqAppTests" */ = {
			isa = XCConfigurationList;
			buildConfigurations = (
				F12F3EC823632A6500183C46 /* Debug */,
				F12F3EC923632A6500183C46 /* Release */,
			);
			defaultConfigurationIsVisible = 0;
			defaultConfigurationName = Release;
		};
		F12F3ECA23632A6500183C46 /* Build configuration list for PBXNativeTarget "HooqAppUITests" */ = {
			isa = XCConfigurationList;
			buildConfigurations = (
				F12F3ECB23632A6500183C46 /* Debug */,
				F12F3ECC23632A6500183C46 /* Release */,
			);
			defaultConfigurationIsVisible = 0;
			defaultConfigurationName = Release;
		};
/* End XCConfigurationList section */
	};
	rootObject = F12F3E9423632A6400183C46 /* Project object */;
}
